
Microsoft Visual Studio Solution File, Format Version 12.00
# Visual Studio 2012
Project("{FAE04EC0-301F-11D3-BF4B-00C04F79EFBC}") = "GF.PropertyDumper", "GF.PropertyDumper\GF.PropertyDumper.csproj", "{EE5C8BCC-9FBD-42FD-90C9-1090FACB8061}"
EndProject
Project("{FAE04EC0-301F-11D3-BF4B-00C04F79EFBC}") = "GF.PropertyDumper.Sample", "GF.PropertyDumper.Sample\GF.PropertyDumper.Sample.csproj", "{6E97C205-A401-4C23-B498-2AD3AB5040AC}"
EndProject
Global
	GlobalSection(SolutionConfigurationPlatforms) = preSolution
		Debug|Any CPU = Debug|Any CPU
		Release|Any CPU = Release|Any CPU
	EndGlobalSection
	GlobalSection(ProjectConfigurationPlatforms) = postSolution
		{EE5C8BCC-9FBD-42FD-90C9-1090FACB8061}.Debug|Any CPU.ActiveCfg = Debug|Any CPU
		{EE5C8BCC-9FBD-42FD-90C9-1090FACB8061}.Debug|Any CPU.Build.0 = Debug|Any CPU
		{EE5C8BCC-9FBD-42FD-90C9-1090FACB8061}.Release|Any CPU.ActiveCfg = Release|Any CPU
		{EE5C8BCC-9FBD-42FD-90C9-1090FACB8061}.Release|Any CPU.Build.0 = Release|Any CPU
		{6E97C205-A401-4C23-B498-2AD3AB5040AC}.Debug|Any CPU.ActiveCfg = Debug|Any CPU
		{6E97C205-A401-4C23-B498-2AD3AB5040AC}.Debug|Any CPU.Build.0 = Debug|Any CPU
		{6E97C205-A401-4C23-B498-2AD3AB5040AC}.Release|Any CPU.ActiveCfg = Release|Any CPU
		{6E97C205-A401-4C23-B498-2AD3AB5040AC}.Release|Any CPU.Build.0 = Release|Any CPU
	EndGlobalSection
	GlobalSection(SolutionProperties) = preSolution
		HideSolutionNode = FALSE
	EndGlobalSection
EndGlobal
